
Microsoft Visual Studio Solution File, Format Version 12.00
# Visual Studio Version 17
VisualStudioVersion = 17.0.32112.339
MinimumVisualStudioVersion = 10.0.40219.1
Project("{FAE04EC0-301F-11D3-BF4B-00C04F79EFBC}") = "SuDoKuHelper", "ShuDuKuHelper\SuDoKuHelper.csproj", "{1B0C8E8D-3766-4602-B249-29F470555845}"
EndProject
Project("{FAE04EC0-301F-11D3-BF4B-00C04F79EFBC}") = "SuDoKuTest", "SuDoKuTest\SuDoKuTest.csproj", "{EC0BBE87-535E-45F1-B5BC-F42E9B2D861E}"
	ProjectSection(ProjectDependencies) = postProject
		{1B0C8E8D-3766-4602-B249-29F470555845} = {1B0C8E8D-3766-4602-B249-29F470555845}
	EndProjectSection
EndProject
Global
	GlobalSection(SolutionConfigurationPlatforms) = preSolution
		Debug|Any CPU = Debug|Any CPU
		Release|Any CPU = Release|Any CPU
	EndGlobalSection
	GlobalSection(ProjectConfigurationPlatforms) = postSolution
		{1B0C8E8D-3766-4602-B249-29F470555845}.Debug|Any CPU.ActiveCfg = Debug|Any CPU
		{1B0C8E8D-3766-4602-B249-29F470555845}.Debug|Any CPU.Build.0 = Debug|Any CPU
		{1B0C8E8D-3766-4602-B249-29F470555845}.Release|Any CPU.ActiveCfg = Release|Any CPU
		{1B0C8E8D-3766-4602-B249-29F470555845}.Release|Any CPU.Build.0 = Release|Any CPU
		{EC0BBE87-535E-45F1-B5BC-F42E9B2D861E}.Debug|Any CPU.ActiveCfg = Debug|Any CPU
		{EC0BBE87-535E-45F1-B5BC-F42E9B2D861E}.Debug|Any CPU.Build.0 = Debug|Any CPU
		{EC0BBE87-535E-45F1-B5BC-F42E9B2D861E}.Release|Any CPU.ActiveCfg = Release|Any CPU
		{EC0BBE87-535E-45F1-B5BC-F42E9B2D861E}.Release|Any CPU.Build.0 = Release|Any CPU
	EndGlobalSection
	GlobalSection(SolutionProperties) = preSolution
		HideSolutionNode = FALSE
	EndGlobalSection
	GlobalSection(ExtensibilityGlobals) = postSolution
		SolutionGuid = {0AE5DAFB-1ADB-415C-9FEA-2E6619595D46}
	EndGlobalSection
EndGlobal
